
Microsoft Visual Studio Solution File, Format Version 12.00
# Visual Studio Version 16
VisualStudioVersion = 16.0.29025.244
MinimumVisualStudioVersion = 10.0.40219.1
Project("{FAE04EC0-301F-11D3-BF4B-00C04F79EFBC}") = "HomeConfig", "HomeConfig.csproj", "{6A9C258F-EED3-450D-AA48-5D02A52D144A}"
EndProject
Global
	GlobalSection(SolutionConfigurationPlatforms) = preSolution
		Debug|Any CPU = Debug|Any CPU
		Release|Any CPU = Release|Any CPU
	EndGlobalSection
	GlobalSection(ProjectConfigurationPlatforms) = postSolution
		{6A9C258F-EED3-450D-AA48-5D02A52D144A}.Debug|Any CPU.ActiveCfg = Debug|Any CPU
		{6A9C258F-EED3-450D-AA48-5D02A52D144A}.Debug|Any CPU.Build.0 = Debug|Any CPU
		{6A9C258F-EED3-450D-AA48-5D02A52D144A}.Release|Any CPU.ActiveCfg = Release|Any CPU
		{6A9C258F-EED3-450D-AA48-5D02A52D144A}.Release|Any CPU.Build.0 = Release|Any CPU
	EndGlobalSection
	GlobalSection(SolutionProperties) = preSolution
		HideSolutionNode = FALSE
	EndGlobalSection
	GlobalSection(ExtensibilityGlobals) = postSolution
		SolutionGuid = {DC847FDD-47D0-4BFF-94E1-0FF262CA6EB9}
	EndGlobalSection
EndGlobal
